
Microsoft Visual Studio Solution File, Format Version 12.00
# Visual Studio Version 17
VisualStudioVersion = 17.10.35122.118
MinimumVisualStudioVersion = 10.0.40219.1
Project("{9A19103F-16F7-4668-BE54-9A1E7A4F7556}") = "TradingBrain", "TradingBrain.csproj", "{AD93D920-47F0-4C91-BA33-F4E6FB59B5D7}"
EndProject
Project("{9A19103F-16F7-4668-BE54-9A1E7A4F7556}") = "IGModels", "..\IGModelsDTM\IGModels\IGModels.csproj", "{7F8E2619-20A5-4375-8A82-9C1154F2A5D4}"
EndProject
Global
	GlobalSection(SolutionConfigurationPlatforms) = preSolution
		Debug|Any CPU = Debug|Any CPU
		Debug|x64 = Debug|x64
		Release|Any CPU = Release|Any CPU
		Release|x64 = Release|x64
	EndGlobalSection
	GlobalSection(ProjectConfigurationPlatforms) = postSolution
		{AD93D920-47F0-4C91-BA33-F4E6FB59B5D7}.Debug|Any CPU.ActiveCfg = Debug|Any CPU
		{AD93D920-47F0-4C91-BA33-F4E6FB59B5D7}.Debug|Any CPU.Build.0 = Debug|Any CPU
		{AD93D920-47F0-4C91-BA33-F4E6FB59B5D7}.Debug|x64.ActiveCfg = Debug|x64
		{AD93D920-47F0-4C91-BA33-F4E6FB59B5D7}.Debug|x64.Build.0 = Debug|x64
		{AD93D920-47F0-4C91-BA33-F4E6FB59B5D7}.Release|Any CPU.ActiveCfg = Release|Any CPU
		{AD93D920-47F0-4C91-BA33-F4E6FB59B5D7}.Release|Any CPU.Build.0 = Release|Any CPU
		{AD93D920-47F0-4C91-BA33-F4E6FB59B5D7}.Release|x64.ActiveCfg = Release|x64
		{AD93D920-47F0-4C91-BA33-F4E6FB59B5D7}.Release|x64.Build.0 = Release|x64
		{7F8E2619-20A5-4375-8A82-9C1154F2A5D4}.Debug|Any CPU.ActiveCfg = Debug|Any CPU
		{7F8E2619-20A5-4375-8A82-9C1154F2A5D4}.Debug|Any CPU.Build.0 = Debug|Any CPU
		{7F8E2619-20A5-4375-8A82-9C1154F2A5D4}.Debug|x64.ActiveCfg = Debug|x64
		{7F8E2619-20A5-4375-8A82-9C1154F2A5D4}.Debug|x64.Build.0 = Debug|x64
		{7F8E2619-20A5-4375-8A82-9C1154F2A5D4}.Release|Any CPU.ActiveCfg = Release|Any CPU
		{7F8E2619-20A5-4375-8A82-9C1154F2A5D4}.Release|Any CPU.Build.0 = Release|Any CPU
		{7F8E2619-20A5-4375-8A82-9C1154F2A5D4}.Release|x64.ActiveCfg = Release|x64
		{7F8E2619-20A5-4375-8A82-9C1154F2A5D4}.Release|x64.Build.0 = Release|x64
	EndGlobalSection
	GlobalSection(SolutionProperties) = preSolution
		HideSolutionNode = FALSE
	EndGlobalSection
	GlobalSection(ExtensibilityGlobals) = postSolution
		SolutionGuid = {B0F51446-A1F8-4C9B-BBB0-1E7BFF6268B9}
	EndGlobalSection
EndGlobal
